# THIS IS AN AUTOGENERATED FILE. DO NOT EDIT THIS FILE DIRECTLY.
# yarn lockfile v1


"@cspotcode/source-map-support@^0.8.0":
  version "0.8.1"
  resolved "https://registry.npmjs.org/@cspotcode/source-map-support/-/source-map-support-0.8.1.tgz"
  dependencies:
    "@jridgewell/trace-mapping" "0.3.9"

"@hapi/address@^4.0.1":
  version "4.1.0"
  resolved "https://registry.npmjs.org/@hapi/address/-/address-4.1.0.tgz"
  dependencies:
    "@hapi/hoek" "^9.0.0"

"@hapi/formula@^2.0.0":
  version "2.0.0"
  resolved "https://registry.npmjs.org/@hapi/formula/-/formula-2.0.0.tgz"

"@hapi/hoek@^9.0.0":
  version "9.3.0"
  resolved "https://registry.npmjs.org/@hapi/hoek/-/hoek-9.3.0.tgz"

"@hapi/joi@^17.1.0", "@hapi/joi@^17.1.1":
  version "17.1.1"
  resolved "https://registry.npmjs.org/@hapi/joi/-/joi-17.1.1.tgz"
  dependencies:
    "@hapi/address" "^4.0.1"
    "@hapi/formula" "^2.0.0"
    "@hapi/hoek" "^9.0.0"
    "@hapi/pinpoint" "^2.0.0"
    "@hapi/topo" "^5.0.0"

"@hapi/pinpoint@^2.0.0":
  version "2.0.1"
  resolved "https://registry.npmjs.org/@hapi/pinpoint/-/pinpoint-2.0.1.tgz"

"@hapi/topo@^5.0.0":
  version "5.1.0"
  resolved "https://registry.npmjs.org/@hapi/topo/-/topo-5.1.0.tgz"
  dependencies:
    "@hapi/hoek" "^9.0.0"

"@isaacs/cliui@^8.0.2":
  version "8.0.2"
  resolved "https://registry.npmjs.org/@isaacs/cliui/-/cliui-8.0.2.tgz"
  dependencies:
    string-width "^5.1.2"
    string-width-cjs "npm:string-width@^4.2.0"
    strip-ansi "^7.0.1"
    strip-ansi-cjs "npm:strip-ansi@^6.0.1"
    wrap-ansi "^8.1.0"
    wrap-ansi-cjs "npm:wrap-ansi@^7.0.0"

"@jridgewell/resolve-uri@^3.0.3":
  version "3.1.2"
  resolved "https://registry.npmjs.org/@jridgewell/resolve-uri/-/resolve-uri-3.1.2.tgz"

"@jridgewell/sourcemap-codec@^1.4.10":
  version "1.4.15"
  resolved "https://registry.npmjs.org/@jridgewell/sourcemap-codec/-/sourcemap-codec-1.4.15.tgz"

"@jridgewell/trace-mapping@0.3.9":
  version "0.3.9"
  resolved "https://registry.npmjs.org/@jridgewell/trace-mapping/-/trace-mapping-0.3.9.tgz"
  dependencies:
    "@jridgewell/resolve-uri" "^3.0.3"
    "@jridgewell/sourcemap-codec" "^1.4.10"

"@one-ini/wasm@0.1.1":
  version "0.1.1"
  resolved "https://registry.yarnpkg.com/@one-ini/wasm/-/wasm-0.1.1.tgz#6013659736c9dbfccc96e8a9c2b3de317df39323"
  integrity sha512-XuySG1E38YScSJoMlqovLru4KTUNSjgVTIjyh7qMX6aNN5HY5Ct5LhRJdxO79JtTzKfzV/bnWpz+zquYrISsvw==

"@pkgjs/parseargs@^0.11.0":
  version "0.11.0"
  resolved "https://registry.npmjs.org/@pkgjs/parseargs/-/parseargs-0.11.0.tgz"

"@prisma/client@^5.15.0":
  version "5.15.0"
  resolved "https://registry.yarnpkg.com/@prisma/client/-/client-5.15.0.tgz#a9443ace9b8a8d57aff70647168e95f2f55c5dc9"
  integrity sha512-wPTeTjbd2Q0abOeffN7zCDCbkp9C9cF+e9HPiI64lmpehyq2TepgXE+sY7FXr7Rhbb21prLMnhXX27/E11V09w==

"@prisma/debug@5.13.0":
  version "5.13.0"
  resolved "https://registry.npmjs.org/@prisma/debug/-/debug-5.13.0.tgz"

"@prisma/engines-version@5.13.0-23.b9a39a7ee606c28e3455d0fd60e78c3ba82b1a2b":
  version "5.13.0-23.b9a39a7ee606c28e3455d0fd60e78c3ba82b1a2b"
  resolved "https://registry.npmjs.org/@prisma/engines-version/-/engines-version-5.13.0-23.b9a39a7ee606c28e3455d0fd60e78c3ba82b1a2b.tgz"

"@prisma/engines@5.13.0":
  version "5.13.0"
  resolved "https://registry.npmjs.org/@prisma/engines/-/engines-5.13.0.tgz"
  dependencies:
    "@prisma/debug" "5.13.0"
    "@prisma/engines-version" "5.13.0-23.b9a39a7ee606c28e3455d0fd60e78c3ba82b1a2b"
    "@prisma/fetch-engine" "5.13.0"
    "@prisma/get-platform" "5.13.0"

"@prisma/fetch-engine@5.13.0":
  version "5.13.0"
  resolved "https://registry.npmjs.org/@prisma/fetch-engine/-/fetch-engine-5.13.0.tgz"
  dependencies:
    "@prisma/debug" "5.13.0"
    "@prisma/engines-version" "5.13.0-23.b9a39a7ee606c28e3455d0fd60e78c3ba82b1a2b"
    "@prisma/get-platform" "5.13.0"

"@prisma/get-platform@5.13.0":
  version "5.13.0"
  resolved "https://registry.npmjs.org/@prisma/get-platform/-/get-platform-5.13.0.tgz"
  dependencies:
    "@prisma/debug" "5.13.0"

"@react-email/render@0.0.15":
  version "0.0.15"
  resolved "https://registry.yarnpkg.com/@react-email/render/-/render-0.0.15.tgz#77639ced997d7c6692662efe296fe6af65c93070"
  integrity sha512-/pT5dBu0y1mogrfEpc002rgRcXpbShK6PFtxTVU6LZZ+bccvZPgk67HKc01lxpa1eYGQgZ6I+VQ02GRnMDclTg==
  dependencies:
    html-to-text "9.0.5"
    js-beautify "^1.14.11"
    react "^18.2.0"
    react-dom "^18.2.0"
    react-promise-suspense "0.3.4"

"@selderee/plugin-htmlparser2@^0.11.0":
  version "0.11.0"
  resolved "https://registry.yarnpkg.com/@selderee/plugin-htmlparser2/-/plugin-htmlparser2-0.11.0.tgz#d5b5e29a7ba6d3958a1972c7be16f4b2c188c517"
  integrity sha512-P33hHGdldxGabLFjPPpaTxVolMrzrcegejx+0GxjrIb9Zv48D8yAIA/QTDR2dFl7Uz7urX8aX6+5bCZslr+gWQ==
  dependencies:
    domhandler "^5.0.3"
    selderee "^0.11.0"

"@tsconfig/node10@^1.0.7":
  version "1.0.11"
  resolved "https://registry.npmjs.org/@tsconfig/node10/-/node10-1.0.11.tgz"

"@tsconfig/node12@^1.0.7":
  version "1.0.11"
  resolved "https://registry.npmjs.org/@tsconfig/node12/-/node12-1.0.11.tgz"

"@tsconfig/node14@^1.0.0":
  version "1.0.3"
  resolved "https://registry.npmjs.org/@tsconfig/node14/-/node14-1.0.3.tgz"

"@tsconfig/node16@^1.0.2":
  version "1.0.4"
  resolved "https://registry.npmjs.org/@tsconfig/node16/-/node16-1.0.4.tgz"

"@types/bcrypt@^5.0.2":
  version "5.0.2"
  resolved "https://registry.npmjs.org/@types/bcrypt/-/bcrypt-5.0.2.tgz"
  dependencies:
    "@types/node" "*"

"@types/body-parser@*":
  version "1.19.5"
  resolved "https://registry.npmjs.org/@types/body-parser/-/body-parser-1.19.5.tgz"
  dependencies:
    "@types/connect" "*"
    "@types/node" "*"

"@types/connect@*":
  version "3.4.38"
  resolved "https://registry.npmjs.org/@types/connect/-/connect-3.4.38.tgz"
  dependencies:
    "@types/node" "*"

"@types/cors@^2.8.17":
  version "2.8.17"
  resolved "https://registry.npmjs.org/@types/cors/-/cors-2.8.17.tgz"
  dependencies:
    "@types/node" "*"

"@types/express-serve-static-core@^4.17.33":
  version "4.19.0"
  resolved "https://registry.npmjs.org/@types/express-serve-static-core/-/express-serve-static-core-4.19.0.tgz"
  dependencies:
    "@types/node" "*"
    "@types/qs" "*"
    "@types/range-parser" "*"
    "@types/send" "*"

"@types/express@*", "@types/express@^4.17.21":
  version "4.17.21"
  resolved "https://registry.npmjs.org/@types/express/-/express-4.17.21.tgz"
  dependencies:
    "@types/body-parser" "*"
    "@types/express-serve-static-core" "^4.17.33"
    "@types/qs" "*"
    "@types/serve-static" "*"

"@types/http-errors@*":
  version "2.0.4"
  resolved "https://registry.npmjs.org/@types/http-errors/-/http-errors-2.0.4.tgz"

"@types/jsonwebtoken@^9.0.6":
  version "9.0.6"
  resolved "https://registry.npmjs.org/@types/jsonwebtoken/-/jsonwebtoken-9.0.6.tgz"
  dependencies:
    "@types/node" "*"

"@types/mime@^1":
  version "1.3.5"
  resolved "https://registry.npmjs.org/@types/mime/-/mime-1.3.5.tgz"

"@types/node-cron@^3.0.11":
  version "3.0.11"
  resolved "https://registry.npmjs.org/@types/node-cron/-/node-cron-3.0.11.tgz"

"@types/node@*", "@types/node@^20.12.11":
  version "20.12.11"
  resolved "https://registry.npmjs.org/@types/node/-/node-20.12.11.tgz"
  dependencies:
    undici-types "~5.26.4"

"@types/qs@*":
  version "6.9.15"
  resolved "https://registry.npmjs.org/@types/qs/-/qs-6.9.15.tgz"

"@types/range-parser@*":
  version "1.2.7"
  resolved "https://registry.npmjs.org/@types/range-parser/-/range-parser-1.2.7.tgz"

"@types/send@*":
  version "0.17.4"
  resolved "https://registry.npmjs.org/@types/send/-/send-0.17.4.tgz"
  dependencies:
    "@types/mime" "^1"
    "@types/node" "*"

"@types/serve-static@*":
  version "1.15.7"
  resolved "https://registry.npmjs.org/@types/serve-static/-/serve-static-1.15.7.tgz"
  dependencies:
    "@types/http-errors" "*"
    "@types/node" "*"
    "@types/send" "*"

"@types/swagger-ui-express@^4.1.6":
  version "4.1.6"
  resolved "https://registry.npmjs.org/@types/swagger-ui-express/-/swagger-ui-express-4.1.6.tgz"
  integrity sha512-UVSiGYXa5IzdJJG3hrc86e8KdZWLYxyEsVoUI4iPXc7CO4VZ3AfNP8d/8+hrDRIqz+HAaSMtZSqAsF3Nq2X/Dg==
  dependencies:
    "@types/express" "*"
    "@types/serve-static" "*"

abbrev@1:
  version "1.1.1"
  resolved "https://registry.npmjs.org/abbrev/-/abbrev-1.1.1.tgz"

abbrev@^2.0.0:
  version "2.0.0"
  resolved "https://registry.yarnpkg.com/abbrev/-/abbrev-2.0.0.tgz#cf59829b8b4f03f89dda2771cb7f3653828c89bf"
  integrity sha512-6/mh1E2u2YgEsCHdY0Yx5oW+61gZU+1vXaoiHHrpKeuRNNgFvS+/jrwHiQhB5apAf5oB7UB7E19ol2R2LKH8hQ==

accepts@~1.3.8:
  version "1.3.8"
  resolved "https://registry.npmjs.org/accepts/-/accepts-1.3.8.tgz"
  dependencies:
    mime-types "~2.1.34"
    negotiator "0.6.3"

acorn-walk@^8.1.1:
  version "8.3.2"
  resolved "https://registry.npmjs.org/acorn-walk/-/acorn-walk-8.3.2.tgz"

acorn@^7.4.1:
  version "7.4.1"
  resolved "https://registry.yarnpkg.com/acorn/-/acorn-7.4.1.tgz#feaed255973d2e77555b83dbc08851a6c63520fa"
  integrity sha512-nQyp0o1/mNdbTO1PO6kHkwSrmgZ0MT/jCCpNiwbUjGoRN4dlBhqJtoQuCnEOKzgTVwg0ZWiCoQy6SxMebQVh8A==

acorn@^8.4.1:
  version "8.11.3"
  resolved "https://registry.npmjs.org/acorn/-/acorn-8.11.3.tgz"

ansi-regex@^5.0.1:
  version "5.0.1"
  resolved "https://registry.npmjs.org/ansi-regex/-/ansi-regex-5.0.1.tgz"

ansi-regex@^6.0.1:
  version "6.0.1"
  resolved "https://registry.npmjs.org/ansi-regex/-/ansi-regex-6.0.1.tgz"

ansi-styles@^4.0.0:
  version "4.3.0"
  resolved "https://registry.npmjs.org/ansi-styles/-/ansi-styles-4.3.0.tgz"
  dependencies:
    color-convert "^2.0.1"

ansi-styles@^6.1.0:
  version "6.2.1"
  resolved "https://registry.npmjs.org/ansi-styles/-/ansi-styles-6.2.1.tgz"

anymatch@~3.1.2:
  version "3.1.3"
  resolved "https://registry.npmjs.org/anymatch/-/anymatch-3.1.3.tgz"
  dependencies:
    normalize-path "^3.0.0"
    picomatch "^2.0.4"

arg@^4.1.0:
  version "4.1.3"
  resolved "https://registry.npmjs.org/arg/-/arg-4.1.3.tgz"

array-flatten@1.1.1:
  version "1.1.1"
  resolved "https://registry.npmjs.org/array-flatten/-/array-flatten-1.1.1.tgz"

balanced-match@^1.0.0:
  version "1.0.2"
  resolved "https://registry.npmjs.org/balanced-match/-/balanced-match-1.0.2.tgz"

bcryptjs@^2.4.3:
  version "2.4.3"
  resolved "https://registry.npmjs.org/bcryptjs/-/bcryptjs-2.4.3.tgz"

binary-extensions@^2.0.0:
  version "2.3.0"
  resolved "https://registry.npmjs.org/binary-extensions/-/binary-extensions-2.3.0.tgz"

body-parser@1.20.2:
  version "1.20.2"
  resolved "https://registry.npmjs.org/body-parser/-/body-parser-1.20.2.tgz"
  dependencies:
    bytes "3.1.2"
    content-type "~1.0.5"
    debug "2.6.9"
    depd "2.0.0"
    destroy "1.2.0"
    http-errors "2.0.0"
    iconv-lite "0.4.24"
    on-finished "2.4.1"
    qs "6.11.0"
    raw-body "2.5.2"
    type-is "~1.6.18"
    unpipe "1.0.0"

brace-expansion@^1.1.7:
  version "1.1.11"
  resolved "https://registry.npmjs.org/brace-expansion/-/brace-expansion-1.1.11.tgz"
  dependencies:
    balanced-match "^1.0.0"
    concat-map "0.0.1"

brace-expansion@^2.0.1:
  version "2.0.1"
  resolved "https://registry.npmjs.org/brace-expansion/-/brace-expansion-2.0.1.tgz"
  dependencies:
    balanced-match "^1.0.0"

braces@~3.0.2:
  version "3.0.2"
  resolved "https://registry.npmjs.org/braces/-/braces-3.0.2.tgz"
  dependencies:
    fill-range "^7.0.1"

buffer-equal-constant-time@1.0.1:
  version "1.0.1"
  resolved "https://registry.npmjs.org/buffer-equal-constant-time/-/buffer-equal-constant-time-1.0.1.tgz"

buffer-from@^1.0.0:
  version "1.1.2"
  resolved "https://registry.npmjs.org/buffer-from/-/buffer-from-1.1.2.tgz"

bytes@3.1.2:
  version "3.1.2"
  resolved "https://registry.npmjs.org/bytes/-/bytes-3.1.2.tgz"

call-bind@^1.0.7:
  version "1.0.7"
  resolved "https://registry.npmjs.org/call-bind/-/call-bind-1.0.7.tgz"
  dependencies:
    es-define-property "^1.0.0"
    es-errors "^1.3.0"
    function-bind "^1.1.2"
    get-intrinsic "^1.2.4"
    set-function-length "^1.2.1"

chokidar@^3.5.2:
  version "3.6.0"
  resolved "https://registry.npmjs.org/chokidar/-/chokidar-3.6.0.tgz"
  dependencies:
    anymatch "~3.1.2"
    braces "~3.0.2"
    glob-parent "~5.1.2"
    is-binary-path "~2.1.0"
    is-glob "~4.0.1"
    normalize-path "~3.0.0"
    readdirp "~3.6.0"
  optionalDependencies:
    fsevents "~2.3.2"

color-convert@^2.0.1:
  version "2.0.1"
  resolved "https://registry.npmjs.org/color-convert/-/color-convert-2.0.1.tgz"
  dependencies:
    color-name "~1.1.4"

color-name@~1.1.4:
  version "1.1.4"
  resolved "https://registry.npmjs.org/color-name/-/color-name-1.1.4.tgz"

commander@^10.0.0:
  version "10.0.1"
  resolved "https://registry.yarnpkg.com/commander/-/commander-10.0.1.tgz#881ee46b4f77d1c1dccc5823433aa39b022cbe06"
  integrity sha512-y4Mg2tXshplEbSGzx7amzPwKKOCGuoSRP/CjEdwwk0FOGlUbq6lKuoyDZTNZkmxHdJtp54hdfY/JUrdL7Xfdug==

concat-map@0.0.1:
  version "0.0.1"
  resolved "https://registry.npmjs.org/concat-map/-/concat-map-0.0.1.tgz"

concat-stream@^1.4.7:
  version "1.6.2"
  resolved "https://registry.npmjs.org/concat-stream/-/concat-stream-1.6.2.tgz"
  dependencies:
    buffer-from "^1.0.0"
    inherits "^2.0.3"
    readable-stream "^2.2.2"
    typedarray "^0.0.6"

config-chain@^1.1.13:
  version "1.1.13"
  resolved "https://registry.yarnpkg.com/config-chain/-/config-chain-1.1.13.tgz#fad0795aa6a6cdaff9ed1b68e9dff94372c232f4"
  integrity sha512-qj+f8APARXHrM0hraqXYb2/bOVSV4PvJQlNZ/DVj0QrmNM2q2euizkeuVckQ57J+W0mRH6Hvi+k50M4Jul2VRQ==
  dependencies:
    ini "^1.3.4"
    proto-list "~1.2.1"

content-disposition@0.5.4:
  version "0.5.4"
  resolved "https://registry.npmjs.org/content-disposition/-/content-disposition-0.5.4.tgz"
  dependencies:
    safe-buffer "5.2.1"

content-type@~1.0.4, content-type@~1.0.5:
  version "1.0.5"
  resolved "https://registry.npmjs.org/content-type/-/content-type-1.0.5.tgz"

cookie-signature@1.0.6:
  version "1.0.6"
  resolved "https://registry.npmjs.org/cookie-signature/-/cookie-signature-1.0.6.tgz"

cookie@0.6.0:
  version "0.6.0"
  resolved "https://registry.npmjs.org/cookie/-/cookie-0.6.0.tgz"

core-util-is@~1.0.0:
  version "1.0.3"
  resolved "https://registry.npmjs.org/core-util-is/-/core-util-is-1.0.3.tgz"

cors@^2.8.5:
  version "2.8.5"
  resolved "https://registry.npmjs.org/cors/-/cors-2.8.5.tgz"
  dependencies:
    object-assign "^4"
    vary "^1"

cpf-cnpj-validator@^1.0.3:
  version "1.0.3"
  resolved "https://registry.npmjs.org/cpf-cnpj-validator/-/cpf-cnpj-validator-1.0.3.tgz"
  dependencies:
    "@hapi/joi" "^17.1.0"

create-require@^1.1.0:
  version "1.1.1"
  resolved "https://registry.npmjs.org/create-require/-/create-require-1.1.1.tgz"

cross-spawn@^5.0.1:
  version "5.1.0"
  resolved "https://registry.npmjs.org/cross-spawn/-/cross-spawn-5.1.0.tgz"
  dependencies:
    lru-cache "^4.0.1"
    shebang-command "^1.2.0"
    which "^1.2.9"

cross-spawn@^7.0.0:
  version "7.0.3"
  resolved "https://registry.npmjs.org/cross-spawn/-/cross-spawn-7.0.3.tgz"
  dependencies:
    path-key "^3.1.0"
    shebang-command "^2.0.0"
    which "^2.0.1"

debug@2.6.9:
  version "2.6.9"
  resolved "https://registry.npmjs.org/debug/-/debug-2.6.9.tgz"
  dependencies:
    ms "2.0.0"

debug@^4:
  version "4.3.4"
  resolved "https://registry.npmjs.org/debug/-/debug-4.3.4.tgz"
  dependencies:
    ms "2.1.2"

deepmerge@^4.2.2, deepmerge@^4.3.1:
  version "4.3.1"
  resolved "https://registry.yarnpkg.com/deepmerge/-/deepmerge-4.3.1.tgz#44b5f2147cd3b00d4b56137685966f26fd25dd4a"
  integrity sha512-3sUqbMEc77XqpdNO7FRyRog+eW3ph+GYCbj+rK+uYyRMuwsVy0rMiVtPn+QJlKFvWP/1PYpapqYn0Me2knFn+A==

define-data-property@^1.1.4:
  version "1.1.4"
  resolved "https://registry.npmjs.org/define-data-property/-/define-data-property-1.1.4.tgz"
  dependencies:
    es-define-property "^1.0.0"
    es-errors "^1.3.0"
    gopd "^1.0.1"

depd@2.0.0:
  version "2.0.0"
  resolved "https://registry.npmjs.org/depd/-/depd-2.0.0.tgz"

destroy@1.2.0:
  version "1.2.0"
  resolved "https://registry.npmjs.org/destroy/-/destroy-1.2.0.tgz"

diff@^4.0.1:
  version "4.0.2"
  resolved "https://registry.npmjs.org/diff/-/diff-4.0.2.tgz"

dom-serializer@^2.0.0:
  version "2.0.0"
  resolved "https://registry.yarnpkg.com/dom-serializer/-/dom-serializer-2.0.0.tgz#e41b802e1eedf9f6cae183ce5e622d789d7d8e53"
  integrity sha512-wIkAryiqt/nV5EQKqQpo3SToSOV9J0DnbJqwK7Wv/Trc92zIAYZ4FlMu+JPFW1DfGFt81ZTCGgDEabffXeLyJg==
  dependencies:
    domelementtype "^2.3.0"
    domhandler "^5.0.2"
    entities "^4.2.0"

domelementtype@^2.3.0:
  version "2.3.0"
  resolved "https://registry.yarnpkg.com/domelementtype/-/domelementtype-2.3.0.tgz#5c45e8e869952626331d7aab326d01daf65d589d"
  integrity sha512-OLETBj6w0OsagBwdXnPdN0cnMfF9opN69co+7ZrbfPGrdpPVNBUj02spi6B1N7wChLQiPn4CSH/zJvXw56gmHw==

domhandler@^5.0.2, domhandler@^5.0.3:
  version "5.0.3"
  resolved "https://registry.yarnpkg.com/domhandler/-/domhandler-5.0.3.tgz#cc385f7f751f1d1fc650c21374804254538c7d31"
  integrity sha512-cgwlv/1iFQiFnU96XXgROh8xTeetsnJiDsTc7TYCLFd9+/WNkIqPTxiM/8pSd8VIrhXGTf1Ny1q1hquVqDJB5w==
  dependencies:
    domelementtype "^2.3.0"

domutils@^3.0.1:
  version "3.1.0"
  resolved "https://registry.yarnpkg.com/domutils/-/domutils-3.1.0.tgz#c47f551278d3dc4b0b1ab8cbb42d751a6f0d824e"
  integrity sha512-H78uMmQtI2AhgDJjWeQmHwJJ2bLPD3GMmO7Zja/ZZh84wkm+4ut+IUnUdRa8uCGX88DiVx1j6FRe1XfxEgjEZA==
  dependencies:
    dom-serializer "^2.0.0"
    domelementtype "^2.3.0"
    domhandler "^5.0.3"

dotenv@^16.4.5:
  version "16.4.5"
  resolved "https://registry.npmjs.org/dotenv/-/dotenv-16.4.5.tgz"

eastasianwidth@^0.2.0:
  version "0.2.0"
  resolved "https://registry.npmjs.org/eastasianwidth/-/eastasianwidth-0.2.0.tgz"

ecdsa-sig-formatter@1.0.11:
  version "1.0.11"
  resolved "https://registry.npmjs.org/ecdsa-sig-formatter/-/ecdsa-sig-formatter-1.0.11.tgz"
  dependencies:
    safe-buffer "^5.0.1"

editorconfig@^1.0.4:
  version "1.0.4"
  resolved "https://registry.yarnpkg.com/editorconfig/-/editorconfig-1.0.4.tgz#040c9a8e9a6c5288388b87c2db07028aa89f53a3"
  integrity sha512-L9Qe08KWTlqYMVvMcTIvMAdl1cDUubzRNYL+WfA4bLDMHe4nemKkpmYzkznE1FwLKu0EEmy6obgQKzMJrg4x9Q==
  dependencies:
    "@one-ini/wasm" "0.1.1"
    commander "^10.0.0"
    minimatch "9.0.1"
    semver "^7.5.3"

ee-first@1.1.1:
  version "1.1.1"
  resolved "https://registry.npmjs.org/ee-first/-/ee-first-1.1.1.tgz"

emoji-regex@^8.0.0:
  version "8.0.0"
  resolved "https://registry.npmjs.org/emoji-regex/-/emoji-regex-8.0.0.tgz"

emoji-regex@^9.2.2:
  version "9.2.2"
  resolved "https://registry.npmjs.org/emoji-regex/-/emoji-regex-9.2.2.tgz"

encodeurl@~1.0.2:
  version "1.0.2"
  resolved "https://registry.npmjs.org/encodeurl/-/encodeurl-1.0.2.tgz"

entities@^4.2.0, entities@^4.4.0:
  version "4.5.0"
  resolved "https://registry.yarnpkg.com/entities/-/entities-4.5.0.tgz#5d268ea5e7113ec74c4d033b79ea5a35a488fb48"
  integrity sha512-V0hjH4dGPh9Ao5p0MoRY6BVqtwCjhz6vI5LT8AJ55H+4g9/4vbHx1I54fS0XuclLhDHArPQCiMjDxjaL8fPxhw==

es-define-property@^1.0.0:
  version "1.0.0"
  resolved "https://registry.npmjs.org/es-define-property/-/es-define-property-1.0.0.tgz"
  dependencies:
    get-intrinsic "^1.2.4"

es-errors@^1.3.0:
  version "1.3.0"
  resolved "https://registry.npmjs.org/es-errors/-/es-errors-1.3.0.tgz"

escape-html@~1.0.3:
  version "1.0.3"
  resolved "https://registry.npmjs.org/escape-html/-/escape-html-1.0.3.tgz"

etag@~1.8.1:
  version "1.8.1"
  resolved "https://registry.npmjs.org/etag/-/etag-1.8.1.tgz"

express@^4.19.2:
  version "4.19.2"
  resolved "https://registry.npmjs.org/express/-/express-4.19.2.tgz"
  dependencies:
    accepts "~1.3.8"
    array-flatten "1.1.1"
    body-parser "1.20.2"
    content-disposition "0.5.4"
    content-type "~1.0.4"
    cookie "0.6.0"
    cookie-signature "1.0.6"
    debug "2.6.9"
    depd "2.0.0"
    encodeurl "~1.0.2"
    escape-html "~1.0.3"
    etag "~1.8.1"
    finalhandler "1.2.0"
    fresh "0.5.2"
    http-errors "2.0.0"
    merge-descriptors "1.0.1"
    methods "~1.1.2"
    on-finished "2.4.1"
    parseurl "~1.3.3"
    path-to-regexp "0.1.7"
    proxy-addr "~2.0.7"
    qs "6.11.0"
    range-parser "~1.2.1"
    safe-buffer "5.2.1"
    send "0.18.0"
    serve-static "1.15.0"
    setprototypeof "1.2.0"
    statuses "2.0.1"
    type-is "~1.6.18"
    utils-merge "1.0.1"
    vary "~1.1.2"

fast-deep-equal@^2.0.1:
  version "2.0.1"
  resolved "https://registry.yarnpkg.com/fast-deep-equal/-/fast-deep-equal-2.0.1.tgz#7b05218ddf9667bf7f370bf7fdb2cb15fdd0aa49"
  integrity sha512-bCK/2Z4zLidyB4ReuIsvALH6w31YfAQDmXMqMx6FyfHqvBxtjC0eRumeSu4Bs3XtXwpyIywtSTrVT99BxY1f9w==

fill-range@^7.0.1:
  version "7.0.1"
  resolved "https://registry.npmjs.org/fill-range/-/fill-range-7.0.1.tgz"
  dependencies:
    to-regex-range "^5.0.1"

finalhandler@1.2.0:
  version "1.2.0"
  resolved "https://registry.npmjs.org/finalhandler/-/finalhandler-1.2.0.tgz"
  dependencies:
    debug "2.6.9"
    encodeurl "~1.0.2"
    escape-html "~1.0.3"
    on-finished "2.4.1"
    parseurl "~1.3.3"
    statuses "2.0.1"
    unpipe "~1.0.0"

foreground-child@^3.1.0:
  version "3.1.1"
  resolved "https://registry.npmjs.org/foreground-child/-/foreground-child-3.1.1.tgz"
  dependencies:
    cross-spawn "^7.0.0"
    signal-exit "^4.0.1"

forwarded@0.2.0:
  version "0.2.0"
  resolved "https://registry.npmjs.org/forwarded/-/forwarded-0.2.0.tgz"

fresh@0.5.2:
  version "0.5.2"
  resolved "https://registry.npmjs.org/fresh/-/fresh-0.5.2.tgz"

fs.realpath@^1.0.0:
  version "1.0.0"
  resolved "https://registry.yarnpkg.com/fs.realpath/-/fs.realpath-1.0.0.tgz#1504ad2523158caa40db4a2787cb01411994ea4f"
  integrity sha512-OO0pH2lK6a0hZnAdau5ItzHPI6pUlvI7jMVnxUQRtw4owF2wk8lOSabtGDCTP4Ggrg2MbGnWO9X8K1t4+fGMDw==

fsevents@~2.3.2:
  version "2.3.3"
  resolved "https://registry.yarnpkg.com/fsevents/-/fsevents-2.3.3.tgz#cac6407785d03675a2a5e1a5305c697b347d90d6"
  integrity sha512-5xoDfX+fL7faATnagmWPpbFtwh/R77WmMMqqHGS65C3vvB0YHrgF+B1YmZ3441tMj5n63k0212XNoJwzlhffQw==

function-bind@^1.1.2:
  version "1.1.2"
  resolved "https://registry.npmjs.org/function-bind/-/function-bind-1.1.2.tgz"

get-intrinsic@^1.1.3, get-intrinsic@^1.2.4:
  version "1.2.4"
  resolved "https://registry.npmjs.org/get-intrinsic/-/get-intrinsic-1.2.4.tgz"
  dependencies:
    es-errors "^1.3.0"
    function-bind "^1.1.2"
    has-proto "^1.0.1"
    has-symbols "^1.0.3"
    hasown "^2.0.0"

glob-parent@~5.1.2:
  version "5.1.2"
  resolved "https://registry.npmjs.org/glob-parent/-/glob-parent-5.1.2.tgz"
  dependencies:
    is-glob "^4.0.1"

glob@^10.3.3, glob@^10.3.7:
  version "10.4.1"
  resolved "https://registry.npmjs.org/glob/-/glob-10.4.1.tgz"
  dependencies:
    foreground-child "^3.1.0"
    jackspeak "^3.1.2"
    minimatch "^9.0.4"
    minipass "^7.1.2"
    path-scurry "^1.11.1"

glob@^7.1.7:
  version "7.2.3"
  resolved "https://registry.yarnpkg.com/glob/-/glob-7.2.3.tgz#b8df0fb802bbfa8e89bd1d938b4e16578ed44f2b"
  integrity sha512-nFR0zLpU2YCaRxwoCJvL6UvCH2JFyFVIvwTLsIf21AuHlMskA1hhTdk+LlYJtOlYt9v6dvszD2BGRqBL+iQK9Q==
  dependencies:
    fs.realpath "^1.0.0"
    inflight "^1.0.4"
    inherits "2"
    minimatch "^3.1.1"
    once "^1.3.0"
    path-is-absolute "^1.0.0"

gopd@^1.0.1:
  version "1.0.1"
  resolved "https://registry.npmjs.org/gopd/-/gopd-1.0.1.tgz"
  dependencies:
    get-intrinsic "^1.1.3"

has-flag@^3.0.0:
  version "3.0.0"
  resolved "https://registry.npmjs.org/has-flag/-/has-flag-3.0.0.tgz"

has-property-descriptors@^1.0.2:
  version "1.0.2"
  resolved "https://registry.npmjs.org/has-property-descriptors/-/has-property-descriptors-1.0.2.tgz"
  dependencies:
    es-define-property "^1.0.0"

has-proto@^1.0.1:
  version "1.0.3"
  resolved "https://registry.npmjs.org/has-proto/-/has-proto-1.0.3.tgz"

has-symbols@^1.0.3:
  version "1.0.3"
  resolved "https://registry.npmjs.org/has-symbols/-/has-symbols-1.0.3.tgz"

hasown@^2.0.0:
  version "2.0.2"
  resolved "https://registry.npmjs.org/hasown/-/hasown-2.0.2.tgz"
  dependencies:
    function-bind "^1.1.2"

html-to-text@9.0.5:
  version "9.0.5"
  resolved "https://registry.yarnpkg.com/html-to-text/-/html-to-text-9.0.5.tgz#6149a0f618ae7a0db8085dca9bbf96d32bb8368d"
  integrity sha512-qY60FjREgVZL03vJU6IfMV4GDjGBIoOyvuFdpBDIX9yTlDw0TjxVBQp+P8NvpdIXNJvfWBTNul7fsAQJq2FNpg==
  dependencies:
    "@selderee/plugin-htmlparser2" "^0.11.0"
    deepmerge "^4.3.1"
    dom-serializer "^2.0.0"
    htmlparser2 "^8.0.2"
    selderee "^0.11.0"

htmlparser2@^8.0.2:
  version "8.0.2"
  resolved "https://registry.yarnpkg.com/htmlparser2/-/htmlparser2-8.0.2.tgz#f002151705b383e62433b5cf466f5b716edaec21"
  integrity sha512-GYdjWKDkbRLkZ5geuHs5NY1puJ+PXwP7+fHPRz06Eirsb9ugf6d8kkXav6ADhcODhFFPMIXyxkxSuMf3D6NCFA==
  dependencies:
    domelementtype "^2.3.0"
    domhandler "^5.0.3"
    domutils "^3.0.1"
    entities "^4.4.0"

http-errors@2.0.0:
  version "2.0.0"
  resolved "https://registry.npmjs.org/http-errors/-/http-errors-2.0.0.tgz"
  dependencies:
    depd "2.0.0"
    inherits "2.0.4"
    setprototypeof "1.2.0"
    statuses "2.0.1"
    toidentifier "1.0.1"

iconv-lite@0.4.24:
  version "0.4.24"
  resolved "https://registry.npmjs.org/iconv-lite/-/iconv-lite-0.4.24.tgz"
  dependencies:
    safer-buffer ">= 2.1.2 < 3"

ignore-by-default@^1.0.1:
  version "1.0.1"
  resolved "https://registry.npmjs.org/ignore-by-default/-/ignore-by-default-1.0.1.tgz"

inflight@^1.0.4:
  version "1.0.6"
  resolved "https://registry.yarnpkg.com/inflight/-/inflight-1.0.6.tgz#49bd6331d7d02d0c09bc910a1075ba8165b56df9"
  integrity sha512-k92I/b08q4wvFscXCLvqfsHCrjrF7yiXsQuIVvVE7N82W3+aqpzuUdBbfhWcy/FZR3/4IgflMgKLOsvPDrGCJA==
  dependencies:
    once "^1.3.0"
    wrappy "1"

inherits@2, inherits@2.0.4, inherits@^2.0.3, inherits@~2.0.3:
  version "2.0.4"
  resolved "https://registry.npmjs.org/inherits/-/inherits-2.0.4.tgz"

ini@^1.3.4:
  version "1.3.8"
  resolved "https://registry.yarnpkg.com/ini/-/ini-1.3.8.tgz#a29da425b48806f34767a4efce397269af28432c"
  integrity sha512-JV/yugV2uzW5iMRSiZAyDtQd+nxtUnjeLt0acNdw98kKLrvuRVyB80tsREOE7yvGVgalhZ6RNXCmEHkUKBKxew==

ipaddr.js@1.9.1:
  version "1.9.1"
  resolved "https://registry.npmjs.org/ipaddr.js/-/ipaddr.js-1.9.1.tgz"

is-binary-path@~2.1.0:
  version "2.1.0"
  resolved "https://registry.npmjs.org/is-binary-path/-/is-binary-path-2.1.0.tgz"
  dependencies:
    binary-extensions "^2.0.0"

is-extglob@^2.1.1:
  version "2.1.1"
  resolved "https://registry.npmjs.org/is-extglob/-/is-extglob-2.1.1.tgz"

is-fullwidth-code-point@^3.0.0:
  version "3.0.0"
  resolved "https://registry.npmjs.org/is-fullwidth-code-point/-/is-fullwidth-code-point-3.0.0.tgz"

is-glob@^4.0.1, is-glob@~4.0.1:
  version "4.0.3"
  resolved "https://registry.npmjs.org/is-glob/-/is-glob-4.0.3.tgz"
  dependencies:
    is-extglob "^2.1.1"

is-number@^7.0.0:
  version "7.0.0"
  resolved "https://registry.npmjs.org/is-number/-/is-number-7.0.0.tgz"

isarray@~1.0.0:
  version "1.0.0"
  resolved "https://registry.npmjs.org/isarray/-/isarray-1.0.0.tgz"

isexe@^2.0.0:
  version "2.0.0"
  resolved "https://registry.npmjs.org/isexe/-/isexe-2.0.0.tgz"

jackspeak@^3.1.2:
  version "3.1.2"
  resolved "https://registry.npmjs.org/jackspeak/-/jackspeak-3.1.2.tgz"
  dependencies:
    "@isaacs/cliui" "^8.0.2"
  optionalDependencies:
    "@pkgjs/parseargs" "^0.11.0"

js-beautify@^1.14.11:
  version "1.15.1"
  resolved "https://registry.yarnpkg.com/js-beautify/-/js-beautify-1.15.1.tgz#4695afb508c324e1084ee0b952a102023fc65b64"
  integrity sha512-ESjNzSlt/sWE8sciZH8kBF8BPlwXPwhR6pWKAw8bw4Bwj+iZcnKW6ONWUutJ7eObuBZQpiIb8S7OYspWrKt7rA==
  dependencies:
    config-chain "^1.1.13"
    editorconfig "^1.0.4"
    glob "^10.3.3"
    js-cookie "^3.0.5"
    nopt "^7.2.0"

js-cookie@^3.0.5:
  version "3.0.5"
  resolved "https://registry.yarnpkg.com/js-cookie/-/js-cookie-3.0.5.tgz#0b7e2fd0c01552c58ba86e0841f94dc2557dcdbc"
  integrity sha512-cEiJEAEoIbWfCZYKWhVwFuvPX1gETRYPw6LlaTKoxD3s2AkXzkCjnp6h0V77ozyqj0jakteJ4YqDJT830+lVGw==

"js-tokens@^3.0.0 || ^4.0.0":
  version "4.0.0"
  resolved "https://registry.yarnpkg.com/js-tokens/-/js-tokens-4.0.0.tgz#19203fb59991df98e3a287050d4647cdeaf32499"
  integrity sha512-RdJUflcE3cUzKiMqQgsCu06FPu9UdIJO0beYbPhHN4k6apgJtifcoCtT9bcxOpYBtpD2kCM6Sbzg4CausW/PKQ==

json5@^2.2.3:
  version "2.2.3"
  resolved "https://registry.yarnpkg.com/json5/-/json5-2.2.3.tgz#78cd6f1a19bdc12b73db5ad0c61efd66c1e29283"
  integrity sha512-XmOWe7eyHYH14cLdVPoyg+GOH3rYX++KpzrylJwSW98t3Nk+U8XOl8FWKOgwtzdb8lXGf6zYwDUzeHMWfxasyg==

jsonwebtoken@^9.0.2:
  version "9.0.2"
  resolved "https://registry.npmjs.org/jsonwebtoken/-/jsonwebtoken-9.0.2.tgz"
  dependencies:
    jws "^3.2.2"
    lodash.includes "^4.3.0"
    lodash.isboolean "^3.0.3"
    lodash.isinteger "^4.0.4"
    lodash.isnumber "^3.0.3"
    lodash.isplainobject "^4.0.6"
    lodash.isstring "^4.0.1"
    lodash.once "^4.0.0"
    ms "^2.1.1"
    semver "^7.5.4"

jwa@^1.4.1:
  version "1.4.1"
  resolved "https://registry.npmjs.org/jwa/-/jwa-1.4.1.tgz"
  dependencies:
    buffer-equal-constant-time "1.0.1"
    ecdsa-sig-formatter "1.0.11"
    safe-buffer "^5.0.1"

jws@^3.2.2:
  version "3.2.2"
  resolved "https://registry.npmjs.org/jws/-/jws-3.2.2.tgz"
  dependencies:
    jwa "^1.4.1"
    safe-buffer "^5.0.1"

leac@^0.6.0:
  version "0.6.0"
  resolved "https://registry.yarnpkg.com/leac/-/leac-0.6.0.tgz#dcf136e382e666bd2475f44a1096061b70dc0912"
  integrity sha512-y+SqErxb8h7nE/fiEX07jsbuhrpO9lL8eca7/Y1nuWV2moNlXhyd59iDGcRf6moVyDMbmTNzL40SUyrFU/yDpg==

lodash.includes@^4.3.0:
  version "4.3.0"
  resolved "https://registry.npmjs.org/lodash.includes/-/lodash.includes-4.3.0.tgz"

lodash.isboolean@^3.0.3:
  version "3.0.3"
  resolved "https://registry.npmjs.org/lodash.isboolean/-/lodash.isboolean-3.0.3.tgz"

lodash.isinteger@^4.0.4:
  version "4.0.4"
  resolved "https://registry.npmjs.org/lodash.isinteger/-/lodash.isinteger-4.0.4.tgz"

lodash.isnumber@^3.0.3:
  version "3.0.3"
  resolved "https://registry.npmjs.org/lodash.isnumber/-/lodash.isnumber-3.0.3.tgz"

lodash.isplainobject@^4.0.6:
  version "4.0.6"
  resolved "https://registry.npmjs.org/lodash.isplainobject/-/lodash.isplainobject-4.0.6.tgz"

lodash.isstring@^4.0.1:
  version "4.0.1"
  resolved "https://registry.npmjs.org/lodash.isstring/-/lodash.isstring-4.0.1.tgz"

lodash.once@^4.0.0:
  version "4.1.1"
  resolved "https://registry.npmjs.org/lodash.once/-/lodash.once-4.1.1.tgz"

loose-envify@^1.1.0:
  version "1.4.0"
  resolved "https://registry.yarnpkg.com/loose-envify/-/loose-envify-1.4.0.tgz#71ee51fa7be4caec1a63839f7e682d8132d30caf"
  integrity sha512-lyuxPGr/Wfhrlem2CL/UcnUc1zcqKAImBDzukY7Y5F/yQiNdko6+fRLevlw1HgMySw7f611UIY408EtxRSoK3Q==
  dependencies:
    js-tokens "^3.0.0 || ^4.0.0"

lru-cache@^10.2.0:
  version "10.2.2"
  resolved "https://registry.npmjs.org/lru-cache/-/lru-cache-10.2.2.tgz"

lru-cache@^4.0.1:
  version "4.1.5"
  resolved "https://registry.npmjs.org/lru-cache/-/lru-cache-4.1.5.tgz"
  dependencies:
    pseudomap "^1.0.2"
    yallist "^2.1.2"

make-error@^1.1.1:
  version "1.3.6"
  resolved "https://registry.npmjs.org/make-error/-/make-error-1.3.6.tgz"

media-typer@0.3.0:
  version "0.3.0"
  resolved "https://registry.npmjs.org/media-typer/-/media-typer-0.3.0.tgz"

merge-descriptors@1.0.1:
  version "1.0.1"
  resolved "https://registry.npmjs.org/merge-descriptors/-/merge-descriptors-1.0.1.tgz"

methods@~1.1.2:
  version "1.1.2"
  resolved "https://registry.npmjs.org/methods/-/methods-1.1.2.tgz"

mime-db@1.52.0:
  version "1.52.0"
  resolved "https://registry.npmjs.org/mime-db/-/mime-db-1.52.0.tgz"

mime-types@~2.1.24, mime-types@~2.1.34:
  version "2.1.35"
  resolved "https://registry.npmjs.org/mime-types/-/mime-types-2.1.35.tgz"
  dependencies:
    mime-db "1.52.0"

mime@1.6.0:
  version "1.6.0"
  resolved "https://registry.npmjs.org/mime/-/mime-1.6.0.tgz"

minimatch@9.0.1:
  version "9.0.1"
  resolved "https://registry.yarnpkg.com/minimatch/-/minimatch-9.0.1.tgz#8a555f541cf976c622daf078bb28f29fb927c253"
  integrity sha512-0jWhJpD/MdhPXwPuiRkCbfYfSKp2qnn2eOc279qI7f+osl/l+prKSrvhg157zSYvx/1nmgn2NqdT6k2Z7zSH9w==
  dependencies:
    brace-expansion "^2.0.1"

minimatch@^3.1.1, minimatch@^3.1.2:
  version "3.1.2"
  resolved "https://registry.npmjs.org/minimatch/-/minimatch-3.1.2.tgz"
  dependencies:
    brace-expansion "^1.1.7"

minimatch@^9.0.4:
  version "9.0.4"
  resolved "https://registry.npmjs.org/minimatch/-/minimatch-9.0.4.tgz"
  dependencies:
    brace-expansion "^2.0.1"

"minipass@^5.0.0 || ^6.0.2 || ^7.0.0", minipass@^7.1.2:
  version "7.1.2"
  resolved "https://registry.npmjs.org/minipass/-/minipass-7.1.2.tgz"

moment@^2.30.1:
  version "2.30.1"
  resolved "https://registry.yarnpkg.com/moment/-/moment-2.30.1.tgz#f8c91c07b7a786e30c59926df530b4eac96974ae"
  integrity sha512-uEmtNhbDOrWPFS+hdjFCBfy9f2YoyzRpwcl+DqpC6taX21FzsTLQVbMV/W7PzNSX6x/bhC1zA3c2UQ5NzH6how==

ms@2.0.0:
  version "2.0.0"
  resolved "https://registry.npmjs.org/ms/-/ms-2.0.0.tgz"

ms@2.1.2:
  version "2.1.2"
  resolved "https://registry.npmjs.org/ms/-/ms-2.1.2.tgz"

ms@2.1.3, ms@^2.1.1:
  version "2.1.3"
  resolved "https://registry.npmjs.org/ms/-/ms-2.1.3.tgz"

negotiator@0.6.3:
  version "0.6.3"
  resolved "https://registry.npmjs.org/negotiator/-/negotiator-0.6.3.tgz"

node-cron@^3.0.3:
  version "3.0.3"
  resolved "https://registry.npmjs.org/node-cron/-/node-cron-3.0.3.tgz"
  dependencies:
    uuid "8.3.2"

nodemon@^3.1.0:
  version "3.1.0"
  resolved "https://registry.npmjs.org/nodemon/-/nodemon-3.1.0.tgz"
  dependencies:
    chokidar "^3.5.2"
    debug "^4"
    ignore-by-default "^1.0.1"
    minimatch "^3.1.2"
    pstree.remy "^1.1.8"
    semver "^7.5.3"
    simple-update-notifier "^2.0.0"
    supports-color "^5.5.0"
    touch "^3.1.0"
    undefsafe "^2.0.5"

nopt@^7.2.0:
  version "7.2.1"
  resolved "https://registry.yarnpkg.com/nopt/-/nopt-7.2.1.tgz#1cac0eab9b8e97c9093338446eddd40b2c8ca1e7"
  integrity sha512-taM24ViiimT/XntxbPyJQzCG+p4EKOpgD3mxFwW38mGjVUrfERQOeY4EDHjdnptttfHuHQXFx+lTP08Q+mLa/w==
  dependencies:
    abbrev "^2.0.0"

nopt@~1.0.10:
  version "1.0.10"
  resolved "https://registry.npmjs.org/nopt/-/nopt-1.0.10.tgz"
  dependencies:
    abbrev "1"

normalize-path@^3.0.0, normalize-path@~3.0.0:
  version "3.0.0"
  resolved "https://registry.npmjs.org/normalize-path/-/normalize-path-3.0.0.tgz"

object-assign@^4:
  version "4.1.1"
  resolved "https://registry.npmjs.org/object-assign/-/object-assign-4.1.1.tgz"

object-inspect@^1.13.1:
  version "1.13.1"
  resolved "https://registry.npmjs.org/object-inspect/-/object-inspect-1.13.1.tgz"

on-finished@2.4.1:
  version "2.4.1"
  resolved "https://registry.npmjs.org/on-finished/-/on-finished-2.4.1.tgz"
  dependencies:
    ee-first "1.1.1"

once@^1.3.0:
  version "1.4.0"
  resolved "https://registry.yarnpkg.com/once/-/once-1.4.0.tgz#583b1aa775961d4b113ac17d9c50baef9dd76bd1"
  integrity sha512-lNaJgI+2Q5URQBkccEKHTQOPaXdUxnZZElQTZY0MFUAuaEqe1E+Nyvgdz/aIyNi6Z9MzO5dv1H8n58/GELp3+w==
  dependencies:
    wrappy "1"

os-shim@^0.1.2:
  version "0.1.3"
  resolved "https://registry.npmjs.org/os-shim/-/os-shim-0.1.3.tgz"

parseley@^0.12.0:
  version "0.12.1"
  resolved "https://registry.yarnpkg.com/parseley/-/parseley-0.12.1.tgz#4afd561d50215ebe259e3e7a853e62f600683aef"
  integrity sha512-e6qHKe3a9HWr0oMRVDTRhKce+bRO8VGQR3NyVwcjwrbhMmFCX9KszEV35+rn4AdilFAq9VPxP/Fe1wC9Qjd2lw==
  dependencies:
    leac "^0.6.0"
    peberminta "^0.9.0"

parseurl@~1.3.3:
  version "1.3.3"
  resolved "https://registry.npmjs.org/parseurl/-/parseurl-1.3.3.tgz"

path-is-absolute@^1.0.0:
  version "1.0.1"
  resolved "https://registry.yarnpkg.com/path-is-absolute/-/path-is-absolute-1.0.1.tgz#174b9268735534ffbc7ace6bf53a5a9e1b5c5f5f"
  integrity sha512-AVbw3UJ2e9bq64vSaS9Am0fje1Pa8pbGqTTsmXfaIiMpnr5DlDhfJOuLj9Sf95ZPVDAUerDfEk88MPmPe7UCQg==

path-key@^3.1.0:
  version "3.1.1"
  resolved "https://registry.npmjs.org/path-key/-/path-key-3.1.1.tgz"

path-scurry@^1.11.1:
  version "1.11.1"
  resolved "https://registry.npmjs.org/path-scurry/-/path-scurry-1.11.1.tgz"
  dependencies:
    lru-cache "^10.2.0"
    minipass "^5.0.0 || ^6.0.2 || ^7.0.0"

path-to-regexp@0.1.7:
  version "0.1.7"
  resolved "https://registry.npmjs.org/path-to-regexp/-/path-to-regexp-0.1.7.tgz"

peberminta@^0.9.0:
  version "0.9.0"
  resolved "https://registry.yarnpkg.com/peberminta/-/peberminta-0.9.0.tgz#8ec9bc0eb84b7d368126e71ce9033501dca2a352"
  integrity sha512-XIxfHpEuSJbITd1H3EeQwpcZbTLHc+VVr8ANI9t5sit565tsI4/xK3KWTUFE2e6QiangUkh3B0jihzmGnNrRsQ==

picomatch@^2.0.4, picomatch@^2.2.1:
  version "2.3.1"
  resolved "https://registry.npmjs.org/picomatch/-/picomatch-2.3.1.tgz"

pre-commit@^1.2.2:
  version "1.2.2"
  resolved "https://registry.npmjs.org/pre-commit/-/pre-commit-1.2.2.tgz"
  dependencies:
    cross-spawn "^5.0.1"
    spawn-sync "^1.0.15"
    which "1.2.x"

prisma@^5.13.0:
  version "5.13.0"
  resolved "https://registry.npmjs.org/prisma/-/prisma-5.13.0.tgz"
  dependencies:
    "@prisma/engines" "5.13.0"

process-nextick-args@~2.0.0:
  version "2.0.1"
  resolved "https://registry.npmjs.org/process-nextick-args/-/process-nextick-args-2.0.1.tgz"

proto-list@~1.2.1:
  version "1.2.4"
  resolved "https://registry.yarnpkg.com/proto-list/-/proto-list-1.2.4.tgz#212d5bfe1318306a420f6402b8e26ff39647a849"
  integrity sha512-vtK/94akxsTMhe0/cbfpR+syPuszcuwhqVjJq26CuNDgFGj682oRBXOP5MJpv2r7JtE8MsiepGIqvvOTBwn2vA==

proxy-addr@~2.0.7:
  version "2.0.7"
  resolved "https://registry.npmjs.org/proxy-addr/-/proxy-addr-2.0.7.tgz"
  dependencies:
    forwarded "0.2.0"
    ipaddr.js "1.9.1"

pseudomap@^1.0.2:
  version "1.0.2"
  resolved "https://registry.npmjs.org/pseudomap/-/pseudomap-1.0.2.tgz"

pstree.remy@^1.1.8:
  version "1.1.8"
  resolved "https://registry.npmjs.org/pstree.remy/-/pstree.remy-1.1.8.tgz"

qs@6.11.0:
  version "6.11.0"
  resolved "https://registry.npmjs.org/qs/-/qs-6.11.0.tgz"
  dependencies:
    side-channel "^1.0.4"

range-parser@~1.2.1:
  version "1.2.1"
  resolved "https://registry.npmjs.org/range-parser/-/range-parser-1.2.1.tgz"

raw-body@2.5.2:
  version "2.5.2"
  resolved "https://registry.npmjs.org/raw-body/-/raw-body-2.5.2.tgz"
  dependencies:
    bytes "3.1.2"
    http-errors "2.0.0"
    iconv-lite "0.4.24"
    unpipe "1.0.0"

react-dom@^18.2.0:
  version "18.3.1"
  resolved "https://registry.yarnpkg.com/react-dom/-/react-dom-18.3.1.tgz#c2265d79511b57d479b3dd3fdfa51536494c5cb4"
  integrity sha512-5m4nQKp+rZRb09LNH59GM4BxTh9251/ylbKIbpe7TpGxfJ+9kv6BLkLBXIjjspbgbnIBNqlI23tRnTWT0snUIw==
  dependencies:
    loose-envify "^1.1.0"
    scheduler "^0.23.2"

react-promise-suspense@0.3.4:
  version "0.3.4"
  resolved "https://registry.yarnpkg.com/react-promise-suspense/-/react-promise-suspense-0.3.4.tgz#05d19a75703d71374674840056cfef2fcd38809d"
  integrity sha512-I42jl7L3Ze6kZaq+7zXWSunBa3b1on5yfvUW6Eo/3fFOj6dZ5Bqmcd264nJbTK/gn1HjjILAjSwnZbV4RpSaNQ==
  dependencies:
    fast-deep-equal "^2.0.1"

react@^18.2.0:
  version "18.3.1"
  resolved "https://registry.yarnpkg.com/react/-/react-18.3.1.tgz#49ab892009c53933625bd16b2533fc754cab2891"
  integrity sha512-wS+hAgJShR0KhEvPJArfuPVN1+Hz1t0Y6n5jLrGQbkb4urgPE/0Rve+1kMB1v/oWgHgm4WIcV+i7F2pTVj+2iQ==
  dependencies:
    loose-envify "^1.1.0"

readable-stream@^2.2.2:
  version "2.3.8"
  resolved "https://registry.npmjs.org/readable-stream/-/readable-stream-2.3.8.tgz"
  dependencies:
    core-util-is "~1.0.0"
    inherits "~2.0.3"
    isarray "~1.0.0"
    process-nextick-args "~2.0.0"
    safe-buffer "~5.1.1"
    string_decoder "~1.1.1"
    util-deprecate "~1.0.1"

readdirp@~3.6.0:
  version "3.6.0"
  resolved "https://registry.npmjs.org/readdirp/-/readdirp-3.6.0.tgz"
  dependencies:
    picomatch "^2.2.1"

resend@^3.3.0:
  version "3.3.0"
  resolved "https://registry.yarnpkg.com/resend/-/resend-3.3.0.tgz#467039660506f5ff1c3d0a80100a49fcbfbf41c7"
  integrity sha512-twDI+rORUQzJC546lEUKhsLKEuqWNFxthZ27kGiK+sR2Cq7CNsro/pgM0W7qT0OiXNLEFp0u3gkJ6kqocpWmYQ==
  dependencies:
    "@react-email/render" "0.0.15"

rimraf@^5.0.7:
  version "5.0.7"
  resolved "https://registry.npmjs.org/rimraf/-/rimraf-5.0.7.tgz"
  dependencies:
    glob "^10.3.7"

safe-buffer@5.2.1, safe-buffer@^5.0.1:
  version "5.2.1"
  resolved "https://registry.npmjs.org/safe-buffer/-/safe-buffer-5.2.1.tgz"

safe-buffer@~5.1.0, safe-buffer@~5.1.1:
  version "5.1.2"
  resolved "https://registry.npmjs.org/safe-buffer/-/safe-buffer-5.1.2.tgz"

"safer-buffer@>= 2.1.2 < 3":
  version "2.1.2"
  resolved "https://registry.npmjs.org/safer-buffer/-/safer-buffer-2.1.2.tgz"

scheduler@^0.23.2:
  version "0.23.2"
  resolved "https://registry.yarnpkg.com/scheduler/-/scheduler-0.23.2.tgz#414ba64a3b282892e944cf2108ecc078d115cdc3"
  integrity sha512-UOShsPwz7NrMUqhR6t0hWjFduvOzbtv7toDH1/hIrfRNIDBnnBWd0CwJTGvTpngVlmwGCdP9/Zl/tVrDqcuYzQ==
  dependencies:
    loose-envify "^1.1.0"

selderee@^0.11.0:
  version "0.11.0"
  resolved "https://registry.yarnpkg.com/selderee/-/selderee-0.11.0.tgz#6af0c7983e073ad3e35787ffe20cefd9daf0ec8a"
  integrity sha512-5TF+l7p4+OsnP8BCCvSyZiSPc4x4//p5uPwK8TCnVPJYRmU2aYKMpOXvw8zM5a5JvuuCGN1jmsMwuU2W02ukfA==
  dependencies:
    parseley "^0.12.0"

semver@^7.5.3, semver@^7.5.4:
  version "7.6.2"
  resolved "https://registry.npmjs.org/semver/-/semver-7.6.2.tgz"

send@0.18.0:
  version "0.18.0"
  resolved "https://registry.npmjs.org/send/-/send-0.18.0.tgz"
  dependencies:
    debug "2.6.9"
    depd "2.0.0"
    destroy "1.2.0"
    encodeurl "~1.0.2"
    escape-html "~1.0.3"
    etag "~1.8.1"
    fresh "0.5.2"
    http-errors "2.0.0"
    mime "1.6.0"
    ms "2.1.3"
    on-finished "2.4.1"
    range-parser "~1.2.1"
    statuses "2.0.1"

serve-static@1.15.0:
  version "1.15.0"
  resolved "https://registry.npmjs.org/serve-static/-/serve-static-1.15.0.tgz"
  dependencies:
    encodeurl "~1.0.2"
    escape-html "~1.0.3"
    parseurl "~1.3.3"
    send "0.18.0"

set-function-length@^1.2.1:
  version "1.2.2"
  resolved "https://registry.npmjs.org/set-function-length/-/set-function-length-1.2.2.tgz"
  dependencies:
    define-data-property "^1.1.4"
    es-errors "^1.3.0"
    function-bind "^1.1.2"
    get-intrinsic "^1.2.4"
    gopd "^1.0.1"
    has-property-descriptors "^1.0.2"

setprototypeof@1.2.0:
  version "1.2.0"
  resolved "https://registry.npmjs.org/setprototypeof/-/setprototypeof-1.2.0.tgz"

shebang-command@^1.2.0:
  version "1.2.0"
  resolved "https://registry.npmjs.org/shebang-command/-/shebang-command-1.2.0.tgz"
  dependencies:
    shebang-regex "^1.0.0"

shebang-command@^2.0.0:
  version "2.0.0"
  resolved "https://registry.npmjs.org/shebang-command/-/shebang-command-2.0.0.tgz"
  dependencies:
    shebang-regex "^3.0.0"

shebang-regex@^1.0.0:
  version "1.0.0"
  resolved "https://registry.npmjs.org/shebang-regex/-/shebang-regex-1.0.0.tgz"

shebang-regex@^3.0.0:
  version "3.0.0"
  resolved "https://registry.npmjs.org/shebang-regex/-/shebang-regex-3.0.0.tgz"

side-channel@^1.0.4:
  version "1.0.6"
  resolved "https://registry.npmjs.org/side-channel/-/side-channel-1.0.6.tgz"
  dependencies:
    call-bind "^1.0.7"
    es-errors "^1.3.0"
    get-intrinsic "^1.2.4"
    object-inspect "^1.13.1"

signal-exit@^4.0.1:
  version "4.1.0"
  resolved "https://registry.npmjs.org/signal-exit/-/signal-exit-4.1.0.tgz"

simple-update-notifier@^2.0.0:
  version "2.0.0"
  resolved "https://registry.npmjs.org/simple-update-notifier/-/simple-update-notifier-2.0.0.tgz"
  dependencies:
    semver "^7.5.3"

spawn-sync@^1.0.15:
  version "1.0.15"
  resolved "https://registry.npmjs.org/spawn-sync/-/spawn-sync-1.0.15.tgz"
  dependencies:
    concat-stream "^1.4.7"
    os-shim "^0.1.2"

statuses@2.0.1:
  version "2.0.1"
  resolved "https://registry.npmjs.org/statuses/-/statuses-2.0.1.tgz"

"string-width-cjs@npm:string-width@^4.2.0":
  version "4.2.3"
  resolved "https://registry.npmjs.org/string-width/-/string-width-4.2.3.tgz"
  dependencies:
    emoji-regex "^8.0.0"
    is-fullwidth-code-point "^3.0.0"
    strip-ansi "^6.0.1"

string-width@^4.1.0:
  version "4.2.3"
  resolved "https://registry.npmjs.org/string-width/-/string-width-4.2.3.tgz"
  integrity sha512-wKyQRQpjJ0sIp62ErSZdGsjMJWsap5oRNihHhu6G7JVO/9jIB6UyevL+tXuOqrng8j/cxKTWyWUwvSTriiZz/g==
  dependencies:
    emoji-regex "^8.0.0"
    is-fullwidth-code-point "^3.0.0"
    strip-ansi "^6.0.1"

string-width@^5.0.1, string-width@^5.1.2:
  version "5.1.2"
  resolved "https://registry.npmjs.org/string-width/-/string-width-5.1.2.tgz"
  dependencies:
    eastasianwidth "^0.2.0"
    emoji-regex "^9.2.2"
    strip-ansi "^7.0.1"

string_decoder@~1.1.1:
  version "1.1.1"
  resolved "https://registry.npmjs.org/string_decoder/-/string_decoder-1.1.1.tgz"
  dependencies:
    safe-buffer "~5.1.0"

"strip-ansi-cjs@npm:strip-ansi@^6.0.1":
  version "6.0.1"
  resolved "https://registry.npmjs.org/strip-ansi/-/strip-ansi-6.0.1.tgz"
  dependencies:
    ansi-regex "^5.0.1"

strip-ansi@^6.0.0, strip-ansi@^6.0.1:
  version "6.0.1"
  resolved "https://registry.npmjs.org/strip-ansi/-/strip-ansi-6.0.1.tgz"
  integrity sha512-Y38VPSHcqkFrCpFnQ9vuSXmquuv5oXOKpGeT6aGrr3o3Gc9AlVa6JBfUSOCnbxGGZF+/0ooI7KrPuUSztUdU5A==
  dependencies:
    ansi-regex "^5.0.1"

strip-ansi@^7.0.1:
  version "7.1.0"
  resolved "https://registry.npmjs.org/strip-ansi/-/strip-ansi-7.1.0.tgz"
  dependencies:
    ansi-regex "^6.0.1"

supports-color@^5.5.0:
  version "5.5.0"
  resolved "https://registry.npmjs.org/supports-color/-/supports-color-5.5.0.tgz"
  dependencies:
    has-flag "^3.0.0"

swagger-autogen@^2.23.7:
  version "2.23.7"
  resolved "https://registry.yarnpkg.com/swagger-autogen/-/swagger-autogen-2.23.7.tgz#40023e583b1d4b4321313bb92cc768488758f135"
  integrity sha512-vr7uRmuV0DCxWc0wokLJAwX3GwQFJ0jwN+AWk0hKxre2EZwusnkGSGdVFd82u7fQLgwSTnbWkxUL7HXuz5LTZQ==
  dependencies:
    acorn "^7.4.1"
    deepmerge "^4.2.2"
    glob "^7.1.7"
    json5 "^2.2.3"

swagger-ui-dist@>=5.0.0:
  version "5.17.14"
  resolved "https://registry.npmjs.org/swagger-ui-dist/-/swagger-ui-dist-5.17.14.tgz"
  integrity sha512-CVbSfaLpstV65OnSjbXfVd6Sta3q3F7Cj/yYuvHMp1P90LztOLs6PfUnKEVAeiIVQt9u2SaPwv0LiH/OyMjHRw==

swagger-ui-express@^5.0.1:
  version "5.0.1"
  resolved "https://registry.npmjs.org/swagger-ui-express/-/swagger-ui-express-5.0.1.tgz"
  integrity sha512-SrNU3RiBGTLLmFU8GIJdOdanJTl4TOmT27tt3bWWHppqYmAZ6IDuEuBvMU6nZq0zLEe6b/1rACXCgLZqO6ZfrA==
  dependencies:
    swagger-ui-dist ">=5.0.0"

to-regex-range@^5.0.1:
  version "5.0.1"
  resolved "https://registry.npmjs.org/to-regex-range/-/to-regex-range-5.0.1.tgz"
  dependencies:
    is-number "^7.0.0"

toidentifier@1.0.1:
  version "1.0.1"
  resolved "https://registry.npmjs.org/toidentifier/-/toidentifier-1.0.1.tgz"

touch@^3.1.0:
  version "3.1.0"
  resolved "https://registry.npmjs.org/touch/-/touch-3.1.0.tgz"
  dependencies:
    nopt "~1.0.10"

ts-node@^10.9.2:
  version "10.9.2"
  resolved "https://registry.npmjs.org/ts-node/-/ts-node-10.9.2.tgz"
  dependencies:
    "@cspotcode/source-map-support" "^0.8.0"
    "@tsconfig/node10" "^1.0.7"
    "@tsconfig/node12" "^1.0.7"
    "@tsconfig/node14" "^1.0.0"
    "@tsconfig/node16" "^1.0.2"
    acorn "^8.4.1"
    acorn-walk "^8.1.1"
    arg "^4.1.0"
    create-require "^1.1.0"
    diff "^4.0.1"
    make-error "^1.1.1"
    v8-compile-cache-lib "^3.0.1"
    yn "3.1.1"

type-is@~1.6.18:
  version "1.6.18"
  resolved "https://registry.npmjs.org/type-is/-/type-is-1.6.18.tgz"
  dependencies:
    media-typer "0.3.0"
    mime-types "~2.1.24"

typedarray@^0.0.6:
  version "0.0.6"
  resolved "https://registry.npmjs.org/typedarray/-/typedarray-0.0.6.tgz"

typescript@^5.4.5:
  version "5.4.5"
  resolved "https://registry.npmjs.org/typescript/-/typescript-5.4.5.tgz"

undefsafe@^2.0.5:
  version "2.0.5"
  resolved "https://registry.npmjs.org/undefsafe/-/undefsafe-2.0.5.tgz"

undici-types@~5.26.4:
  version "5.26.5"
  resolved "https://registry.npmjs.org/undici-types/-/undici-types-5.26.5.tgz"

unpipe@1.0.0, unpipe@~1.0.0:
  version "1.0.0"
  resolved "https://registry.npmjs.org/unpipe/-/unpipe-1.0.0.tgz"

util-deprecate@~1.0.1:
  version "1.0.2"
  resolved "https://registry.npmjs.org/util-deprecate/-/util-deprecate-1.0.2.tgz"

utils-merge@1.0.1:
  version "1.0.1"
  resolved "https://registry.npmjs.org/utils-merge/-/utils-merge-1.0.1.tgz"

uuid@8.3.2:
  version "8.3.2"
  resolved "https://registry.npmjs.org/uuid/-/uuid-8.3.2.tgz"

v8-compile-cache-lib@^3.0.1:
  version "3.0.1"
  resolved "https://registry.npmjs.org/v8-compile-cache-lib/-/v8-compile-cache-lib-3.0.1.tgz"

vary@^1, vary@~1.1.2:
  version "1.1.2"
  resolved "https://registry.npmjs.org/vary/-/vary-1.1.2.tgz"

which@1.2.x:
  version "1.2.14"
  resolved "https://registry.npmjs.org/which/-/which-1.2.14.tgz"
  dependencies:
    isexe "^2.0.0"

which@^1.2.9:
  version "1.3.1"
  resolved "https://registry.npmjs.org/which/-/which-1.3.1.tgz"
  dependencies:
    isexe "^2.0.0"

which@^2.0.1:
  version "2.0.2"
  resolved "https://registry.npmjs.org/which/-/which-2.0.2.tgz"
  dependencies:
    isexe "^2.0.0"

"wrap-ansi-cjs@npm:wrap-ansi@^7.0.0":
  version "7.0.0"
  resolved "https://registry.npmjs.org/wrap-ansi/-/wrap-ansi-7.0.0.tgz"
  dependencies:
    ansi-styles "^4.0.0"
    string-width "^4.1.0"
    strip-ansi "^6.0.0"

wrap-ansi@^8.1.0:
  version "8.1.0"
  resolved "https://registry.npmjs.org/wrap-ansi/-/wrap-ansi-8.1.0.tgz"
  dependencies:
    ansi-styles "^6.1.0"
    string-width "^5.0.1"
    strip-ansi "^7.0.1"

wrappy@1:
  version "1.0.2"
  resolved "https://registry.yarnpkg.com/wrappy/-/wrappy-1.0.2.tgz#b5243d8f3ec1aa35f1364605bc0d1036e30ab69f"
  integrity sha512-l4Sp/DRseor9wL6EvV2+TuQn63dMkPjZ/sp9XkghTEbV9KlPS1xUsZ3u7/IQO4wxtcFB4bgpQPRcR3QCvezPcQ==

yallist@^2.1.2:
  version "2.1.2"
  resolved "https://registry.npmjs.org/yallist/-/yallist-2.1.2.tgz"

yn@3.1.1:
  version "3.1.1"
  resolved "https://registry.npmjs.org/yn/-/yn-3.1.1.tgz"

zod@^3.23.8:
  version "3.23.8"
  resolved "https://registry.npmjs.org/zod/-/zod-3.23.8.tgz"
